
Microsoft Visual Studio Solution File, Format Version 12.00
# Visual Studio Version 17
VisualStudioVersion = 17.3.32819.101
MinimumVisualStudioVersion = 10.0.40219.1
Project("{FAE04EC0-301F-11D3-BF4B-00C04F79EFBC}") = "ListaExemplosIF", "ListaExemplosIF\ListaExemplosIF.csproj", "{FCD279C8-CD7C-4AEE-94E1-FA2E9A953753}"
EndProject
Global
	GlobalSection(SolutionConfigurationPlatforms) = preSolution
		Debug|Any CPU = Debug|Any CPU
		Release|Any CPU = Release|Any CPU
	EndGlobalSection
	GlobalSection(ProjectConfigurationPlatforms) = postSolution
		{FCD279C8-CD7C-4AEE-94E1-FA2E9A953753}.Debug|Any CPU.ActiveCfg = Debug|Any CPU
		{FCD279C8-CD7C-4AEE-94E1-FA2E9A953753}.Debug|Any CPU.Build.0 = Debug|Any CPU
		{FCD279C8-CD7C-4AEE-94E1-FA2E9A953753}.Release|Any CPU.ActiveCfg = Release|Any CPU
		{FCD279C8-CD7C-4AEE-94E1-FA2E9A953753}.Release|Any CPU.Build.0 = Release|Any CPU
	EndGlobalSection
	GlobalSection(SolutionProperties) = preSolution
		HideSolutionNode = FALSE
	EndGlobalSection
	GlobalSection(ExtensibilityGlobals) = postSolution
		SolutionGuid = {489224ED-B60D-4BE0-9718-CF5E60CA0097}
	EndGlobalSection
EndGlobal
